
Microsoft Visual Studio Solution File, Format Version 12.00
# Visual Studio Version 16
VisualStudioVersion = 16.0.31729.503
MinimumVisualStudioVersion = 10.0.40219.1
Project("{FAE04EC0-301F-11D3-BF4B-00C04F79EFBC}") = "MyCompany_v3", "MyCompany_v3\MyCompany_v3.csproj", "{342B0A22-162F-4787-8F81-962608735EE0}"
EndProject
Global
	GlobalSection(SolutionConfigurationPlatforms) = preSolution
		Debug|Any CPU = Debug|Any CPU
		Release|Any CPU = Release|Any CPU
	EndGlobalSection
	GlobalSection(ProjectConfigurationPlatforms) = postSolution
		{342B0A22-162F-4787-8F81-962608735EE0}.Debug|Any CPU.ActiveCfg = Debug|Any CPU
		{342B0A22-162F-4787-8F81-962608735EE0}.Debug|Any CPU.Build.0 = Debug|Any CPU
		{342B0A22-162F-4787-8F81-962608735EE0}.Release|Any CPU.ActiveCfg = Release|Any CPU
		{342B0A22-162F-4787-8F81-962608735EE0}.Release|Any CPU.Build.0 = Release|Any CPU
	EndGlobalSection
	GlobalSection(SolutionProperties) = preSolution
		HideSolutionNode = FALSE
	EndGlobalSection
	GlobalSection(ExtensibilityGlobals) = postSolution
		SolutionGuid = {05189677-0491-48A9-94CC-7AA2111303DE}
	EndGlobalSection
EndGlobal
